
Microsoft Visual Studio Solution File, Format Version 12.00
# Visual Studio Version 17
VisualStudioVersion = 17.4.33213.308
MinimumVisualStudioVersion = 10.0.40219.1
Project("{9A19103F-16F7-4668-BE54-9A1E7A4F7556}") = "TaxCalculatorAPI", "TaxCalculatorAPI\TaxCalculatorAPI.csproj", "{475A4ADE-5D70-4273-B84A-0A3937F3B2FC}"
EndProject
Project("{9A19103F-16F7-4668-BE54-9A1E7A4F7556}") = "TaxCalculator", "TaxCalculator\TaxCalculator.csproj", "{9D5C5267-9CEF-4E28-9E67-1182C7D0E39A}"
EndProject
Project("{FAE04EC0-301F-11D3-BF4B-00C04F79EFBC}") = "TaxCalculatorTests", "TaxCalculatorTests\TaxCalculatorTests.csproj", "{BB107D14-533A-43BF-8D01-FC43EE1F9CB4}"
EndProject
Global
	GlobalSection(SolutionConfigurationPlatforms) = preSolution
		Debug|Any CPU = Debug|Any CPU
		Release|Any CPU = Release|Any CPU
	EndGlobalSection
	GlobalSection(ProjectConfigurationPlatforms) = postSolution
		{475A4ADE-5D70-4273-B84A-0A3937F3B2FC}.Debug|Any CPU.ActiveCfg = Debug|Any CPU
		{475A4ADE-5D70-4273-B84A-0A3937F3B2FC}.Debug|Any CPU.Build.0 = Debug|Any CPU
		{475A4ADE-5D70-4273-B84A-0A3937F3B2FC}.Release|Any CPU.ActiveCfg = Release|Any CPU
		{475A4ADE-5D70-4273-B84A-0A3937F3B2FC}.Release|Any CPU.Build.0 = Release|Any CPU
		{9D5C5267-9CEF-4E28-9E67-1182C7D0E39A}.Debug|Any CPU.ActiveCfg = Debug|Any CPU
		{9D5C5267-9CEF-4E28-9E67-1182C7D0E39A}.Debug|Any CPU.Build.0 = Debug|Any CPU
		{9D5C5267-9CEF-4E28-9E67-1182C7D0E39A}.Release|Any CPU.ActiveCfg = Release|Any CPU
		{9D5C5267-9CEF-4E28-9E67-1182C7D0E39A}.Release|Any CPU.Build.0 = Release|Any CPU
		{BB107D14-533A-43BF-8D01-FC43EE1F9CB4}.Debug|Any CPU.ActiveCfg = Debug|Any CPU
		{BB107D14-533A-43BF-8D01-FC43EE1F9CB4}.Debug|Any CPU.Build.0 = Debug|Any CPU
		{BB107D14-533A-43BF-8D01-FC43EE1F9CB4}.Release|Any CPU.ActiveCfg = Release|Any CPU
		{BB107D14-533A-43BF-8D01-FC43EE1F9CB4}.Release|Any CPU.Build.0 = Release|Any CPU
	EndGlobalSection
	GlobalSection(SolutionProperties) = preSolution
		HideSolutionNode = FALSE
	EndGlobalSection
	GlobalSection(ExtensibilityGlobals) = postSolution
		SolutionGuid = {A35FFAEE-8C3B-4D4C-9886-8BDCEAFDFCF2}
	EndGlobalSection
EndGlobal
